// !$*UTF8*$!
{
	archiveVersion = 1;
	classes = {
	};
	objectVersion = 46;
	objects = {

/* Begin PBXBuildFile section */
		0B6CFA951936D2DC00B77374 /* Foundation.framework in Frameworks */ = {isa = PBXBuildFile; fileRef = 0B6CFA941936D2DC00B77374 /* Foundation.framework */; };
		0B6CFA971936D2DC00B77374 /* CoreGraphics.framework in Frameworks */ = {isa = PBXBuildFile; fileRef = 0B6CFA961936D2DC00B77374 /* CoreGraphics.framework */; };
		0B6CFA991936D2DC00B77374 /* UIKit.framework in Frameworks */ = {isa = PBXBuildFile; fileRef = 0B6CFA981936D2DC00B77374 /* UIKit.framework */; };
		0B6CFACF1936FB8A00B77374 /* MapKit.framework in Frameworks */ = {isa = PBXBuildFile; fileRef = 0B6CFACE1936FB8A00B77374 /* MapKit.framework */; };
		0B6CFAD419398F2300B77374 /* CoreLocation.framework in Frameworks */ = {isa = PBXBuildFile; fileRef = 0B6CFAD319398F2300B77374 /* CoreLocation.framework */; };
		0B6CFADB193B300A00B77374 /* AddressBook.framework in Frameworks */ = {isa = PBXBuildFile; fileRef = 0B6CFADA193B300A00B77374 /* AddressBook.framework */; };
		0B7B8FB519455C3D00FE3716 /* QuartzCore.framework in Frameworks */ = {isa = PBXBuildFile; fileRef = 0B7B8FB419455C3D00FE3716 /* QuartzCore.framework */; };
		0BF683C1194939B000AFB4C5 /* AppDelegate.m in Sources */ = {isa = PBXBuildFile; fileRef = 0BF683A5194939B000AFB4C5 /* AppDelegate.m */; };
		0BF683C2194939B000AFB4C5 /* InfoPlist.strings in Resources */ = {isa = PBXBuildFile; fileRef = 0BF683A6194939B000AFB4C5 /* InfoPlist.strings */; };
		0BF683C3194939B000AFB4C5 /* Images.xcassets in Resources */ = {isa = PBXBuildFile; fileRef = 0BF683A8194939B000AFB4C5 /* Images.xcassets */; };
		0BF683C4194939B000AFB4C5 /* LocationDetailsViewController.m in Sources */ = {isa = PBXBuildFile; fileRef = 0BF683AA194939B000AFB4C5 /* LocationDetailsViewController.m */; };
		0BF683C5194939B000AFB4C5 /* LocationDetailsViewController.xib in Resources */ = {isa = PBXBuildFile; fileRef = 0BF683AB194939B000AFB4C5 /* LocationDetailsViewController.xib */; };
		0BF683C6194939B000AFB4C5 /* main.m in Sources */ = {isa = PBXBuildFile; fileRef = 0BF683AD194939B000AFB4C5 /* main.m */; };
		0BF683C7194939B000AFB4C5 /* MapLocationViewController.m in Sources */ = {isa = PBXBuildFile; fileRef = 0BF683AF194939B000AFB4C5 /* MapLocationViewController.m */; };
		0BF683C8194939B000AFB4C5 /* MapLocationViewController.xib in Resources */ = {isa = PBXBuildFile; fileRef = 0BF683B0194939B000AFB4C5 /* MapLocationViewController.xib */; };
		0BF683C9194939B000AFB4C5 /* MapMarker.m in Sources */ = {isa = PBXBuildFile; fileRef = 0BF683B2194939B000AFB4C5 /* MapMarker.m */; };
		0BF683CA194939B000AFB4C5 /* MarkLocationViewController.m in Sources */ = {isa = PBXBuildFile; fileRef = 0BF683B4194939B000AFB4C5 /* MarkLocationViewController.m */; };
		0BF683CB194939B000AFB4C5 /* MarkLocationViewController.xib in Resources */ = {isa = PBXBuildFile; fileRef = 0BF683B5194939B000AFB4C5 /* MarkLocationViewController.xib */; };
		0BF683CC194939B000AFB4C5 /* VersionCheck.m in Sources */ = {isa = PBXBuildFile; fileRef = 0BF683B7194939B000AFB4C5 /* VersionCheck.m */; };
		0BF683CD194939B000AFB4C5 /* VersionComparer.m in Sources */ = {isa = PBXBuildFile; fileRef = 0BF683B9194939B000AFB4C5 /* VersionComparer.m */; };
/* End PBXBuildFile section */

/* Begin PBXFileReference section */
		0B6CFA911936D2DC00B77374 /* wayback.app */ = {isa = PBXFileReference; explicitFileType = wrapper.application; includeInIndex = 0; path = wayback.app; sourceTree = BUILT_PRODUCTS_DIR; };
		0B6CFA941936D2DC00B77374 /* Foundation.framework */ = {isa = PBXFileReference; lastKnownFileType = wrapper.framework; name = Foundation.framework; path = System/Library/Frameworks/Foundation.framework; sourceTree = SDKROOT; };
		0B6CFA961936D2DC00B77374 /* CoreGraphics.framework */ = {isa = PBXFileReference; lastKnownFileType = wrapper.framework; name = CoreGraphics.framework; path = System/Library/Frameworks/CoreGraphics.framework; sourceTree = SDKROOT; };
		0B6CFA981936D2DC00B77374 /* UIKit.framework */ = {isa = PBXFileReference; lastKnownFileType = wrapper.framework; name = UIKit.framework; path = System/Library/Frameworks/UIKit.framework; sourceTree = SDKROOT; };
		0B6CFAAD1936D2DC00B77374 /* XCTest.framework */ = {isa = PBXFileReference; lastKnownFileType = wrapper.framework; name = XCTest.framework; path = Library/Frameworks/XCTest.framework; sourceTree = DEVELOPER_DIR; };
		0B6CFACE1936FB8A00B77374 /* MapKit.framework */ = {isa = PBXFileReference; lastKnownFileType = wrapper.framework; name = MapKit.framework; path = System/Library/Frameworks/MapKit.framework; sourceTree = SDKROOT; };
		0B6CFAD319398F2300B77374 /* CoreLocation.framework */ = {isa = PBXFileReference; lastKnownFileType = wrapper.framework; name = CoreLocation.framework; path = System/Library/Frameworks/CoreLocation.framework; sourceTree = SDKROOT; };
		0B6CFADA193B300A00B77374 /* AddressBook.framework */ = {isa = PBXFileReference; lastKnownFileType = wrapper.framework; name = AddressBook.framework; path = System/Library/Frameworks/AddressBook.framework; sourceTree = SDKROOT; };
		0B7B8FB419455C3D00FE3716 /* QuartzCore.framework */ = {isa = PBXFileReference; lastKnownFileType = wrapper.framework; name = QuartzCore.framework; path = System/Library/Frameworks/QuartzCore.framework; sourceTree = SDKROOT; };
		0BF683A4194939B000AFB4C5 /* AppDelegate.h */ = {isa = PBXFileReference; fileEncoding = 4; lastKnownFileType = sourcecode.c.h; path = AppDelegate.h; sourceTree = "<group>"; };
		0BF683A5194939B000AFB4C5 /* AppDelegate.m */ = {isa = PBXFileReference; fileEncoding = 4; lastKnownFileType = sourcecode.c.objc; path = AppDelegate.m; sourceTree = "<group>"; };
		0BF683A7194939B000AFB4C5 /* en */ = {isa = PBXFileReference; lastKnownFileType = text.plist.strings; name = en; path = en.lproj/InfoPlist.strings; sourceTree = "<group>"; };
		0BF683A8194939B000AFB4C5 /* Images.xcassets */ = {isa = PBXFileReference; lastKnownFileType = folder.assetcatalog; path = Images.xcassets; sourceTree = "<group>"; };
		0BF683A9194939B000AFB4C5 /* LocationDetailsViewController.h */ = {isa = PBXFileReference; fileEncoding = 4; lastKnownFileType = sourcecode.c.h; path = LocationDetailsViewController.h; sourceTree = "<group>"; };
		0BF683AA194939B000AFB4C5 /* LocationDetailsViewController.m */ = {isa = PBXFileReference; fileEncoding = 4; lastKnownFileType = sourcecode.c.objc; path = LocationDetailsViewController.m; sourceTree = "<group>"; };
		0BF683AB194939B000AFB4C5 /* LocationDetailsViewController.xib */ = {isa = PBXFileReference; fileEncoding = 4; lastKnownFileType = file.xib; path = LocationDetailsViewController.xib; sourceTree = "<group>"; };
		0BF683AC194939B000AFB4C5 /* LogHelper.h */ = {isa = PBXFileReference; fileEncoding = 4; lastKnownFileType = sourcecode.c.h; path = LogHelper.h; sourceTree = "<group>"; };
		0BF683AD194939B000AFB4C5 /* main.m */ = {isa = PBXFileReference; fileEncoding = 4; lastKnownFileType = sourcecode.c.objc; path = main.m; sourceTree = "<group>"; };
		0BF683AE194939B000AFB4C5 /* MapLocationViewController.h */ = {isa = PBXFileReference; fileEncoding = 4; lastKnownFileType = sourcecode.c.h; path = MapLocationViewController.h; sourceTree = "<group>"; };
		0BF683AF194939B000AFB4C5 /* MapLocationViewController.m */ = {isa = PBXFileReference; fileEncoding = 4; lastKnownFileType = sourcecode.c.objc; path = MapLocationViewController.m; sourceTree = "<group>"; };
		0BF683B0194939B000AFB4C5 /* MapLocationViewController.xib */ = {isa = PBXFileReference; fileEncoding = 4; lastKnownFileType = file.xib; path = MapLocationViewController.xib; sourceTree = "<group>"; };
		0BF683B1194939B000AFB4C5 /* MapMarker.h */ = {isa = PBXFileReference; fileEncoding = 4; lastKnownFileType = sourcecode.c.h; path = MapMarker.h; sourceTree = "<group>"; };
		0BF683B2194939B000AFB4C5 /* MapMarker.m */ = {isa = PBXFileReference; fileEncoding = 4; lastKnownFileType = sourcecode.c.objc; path = MapMarker.m; sourceTree = "<group>"; };
		0BF683B3194939B000AFB4C5 /* MarkLocationViewController.h */ = {isa = PBXFileReference; fileEncoding = 4; lastKnownFileType = sourcecode.c.h; path = MarkLocationViewController.h; sourceTree = "<group>"; };
		0BF683B4194939B000AFB4C5 /* MarkLocationViewController.m */ = {isa = PBXFileReference; fileEncoding = 4; lastKnownFileType = sourcecode.c.objc; path = MarkLocationViewController.m; sourceTree = "<group>"; };
		0BF683B5194939B000AFB4C5 /* MarkLocationViewController.xib */ = {isa = PBXFileReference; fileEncoding = 4; lastKnownFileType = file.xib; path = MarkLocationViewController.xib; sourceTree = "<group>"; };
		0BF683B6194939B000AFB4C5 /* VersionCheck.h */ = {isa = PBXFileReference; fileEncoding = 4; lastKnownFileType = sourcecode.c.h; path = VersionCheck.h; sourceTree = "<group>"; };
		0BF683B7194939B000AFB4C5 /* VersionCheck.m */ = {isa = PBXFileReference; fileEncoding = 4; lastKnownFileType = sourcecode.c.objc; path = VersionCheck.m; sourceTree = "<group>"; };
		0BF683B8194939B000AFB4C5 /* VersionComparer.h */ = {isa = PBXFileReference; fileEncoding = 4; lastKnownFileType = sourcecode.c.h; path = VersionComparer.h; sourceTree = "<group>"; };
		0BF683B9194939B000AFB4C5 /* VersionComparer.m */ = {isa = PBXFileReference; fileEncoding = 4; lastKnownFileType = sourcecode.c.objc; path = VersionComparer.m; sourceTree = "<group>"; };
		0BF683BA194939B000AFB4C5 /* wayback-Info.plist */ = {isa = PBXFileReference; fileEncoding = 4; lastKnownFileType = text.plist.xml; path = "wayback-Info.plist"; sourceTree = "<group>"; };
		0BF683BB194939B000AFB4C5 /* wayback-Prefix.pch */ = {isa = PBXFileReference; fileEncoding = 4; lastKnownFileType = sourcecode.c.h; path = "wayback-Prefix.pch"; sourceTree = "<group>"; };
/* End PBXFileReference section */

/* Begin PBXFrameworksBuildPhase section */
		0B6CFA8E1936D2DC00B77374 /* Frameworks */ = {
			isa = PBXFrameworksBuildPhase;
			buildActionMask = 2147483647;
			files = (
				0B7B8FB519455C3D00FE3716 /* QuartzCore.framework in Frameworks */,
				0B6CFADB193B300A00B77374 /* AddressBook.framework in Frameworks */,
				0B6CFAD419398F2300B77374 /* CoreLocation.framework in Frameworks */,
				0B6CFACF1936FB8A00B77374 /* MapKit.framework in Frameworks */,
				0B6CFA971936D2DC00B77374 /* CoreGraphics.framework in Frameworks */,
				0B6CFA991936D2DC00B77374 /* UIKit.framework in Frameworks */,
				0B6CFA951936D2DC00B77374 /* Foundation.framework in Frameworks */,
			);
			runOnlyForDeploymentPostprocessing = 0;
		};
/* End PBXFrameworksBuildPhase section */

/* Begin PBXGroup section */
		0B6CFA881936D2DC00B77374 = {
			isa = PBXGroup;
			children = (
				0BF683A3194939B000AFB4C5 /* wayback */,
				0B6CFA931936D2DC00B77374 /* Frameworks */,
				0B6CFA921936D2DC00B77374 /* Products */,
			);
			sourceTree = "<group>";
		};
		0B6CFA921936D2DC00B77374 /* Products */ = {
			isa = PBXGroup;
			children = (
				0B6CFA911936D2DC00B77374 /* wayback.app */,
			);
			name = Products;
			sourceTree = "<group>";
		};
		0B6CFA931936D2DC00B77374 /* Frameworks */ = {
			isa = PBXGroup;
			children = (
				0B7B8FB419455C3D00FE3716 /* QuartzCore.framework */,
				0B6CFADA193B300A00B77374 /* AddressBook.framework */,
				0B6CFAD319398F2300B77374 /* CoreLocation.framework */,
				0B6CFACE1936FB8A00B77374 /* MapKit.framework */,
				0B6CFA941936D2DC00B77374 /* Foundation.framework */,
				0B6CFA961936D2DC00B77374 /* CoreGraphics.framework */,
				0B6CFA981936D2DC00B77374 /* UIKit.framework */,
				0B6CFAAD1936D2DC00B77374 /* XCTest.framework */,
			);
			name = Frameworks;
			sourceTree = "<group>";
		};
		0BF683A3194939B000AFB4C5 /* wayback */ = {
			isa = PBXGroup;
			children = (
				0BF683A4194939B000AFB4C5 /* AppDelegate.h */,
				0BF683A5194939B000AFB4C5 /* AppDelegate.m */,
				0BF683A6194939B000AFB4C5 /* InfoPlist.strings */,
				0BF683A8194939B000AFB4C5 /* Images.xcassets */,
				0BF683A9194939B000AFB4C5 /* LocationDetailsViewController.h */,
				0BF683AA194939B000AFB4C5 /* LocationDetailsViewController.m */,
				0BF683AB194939B000AFB4C5 /* LocationDetailsViewController.xib */,
				0BF683AC194939B000AFB4C5 /* LogHelper.h */,
				0BF683AD194939B000AFB4C5 /* main.m */,
				0BF683AE194939B000AFB4C5 /* MapLocationViewController.h */,
				0BF683AF194939B000AFB4C5 /* MapLocationViewController.m */,
				0BF683B0194939B000AFB4C5 /* MapLocationViewController.xib */,
				0BF683B1194939B000AFB4C5 /* MapMarker.h */,
				0BF683B2194939B000AFB4C5 /* MapMarker.m */,
				0BF683B3194939B000AFB4C5 /* MarkLocationViewController.h */,
				0BF683B4194939B000AFB4C5 /* MarkLocationViewController.m */,
				0BF683B5194939B000AFB4C5 /* MarkLocationViewController.xib */,
				0BF683B6194939B000AFB4C5 /* VersionCheck.h */,
				0BF683B7194939B000AFB4C5 /* VersionCheck.m */,
				0BF683B8194939B000AFB4C5 /* VersionComparer.h */,
				0BF683B9194939B000AFB4C5 /* VersionComparer.m */,
				0BF683BA194939B000AFB4C5 /* wayback-Info.plist */,
				0BF683BB194939B000AFB4C5 /* wayback-Prefix.pch */,
			);
			path = wayback;
			sourceTree = "<group>";
		};
/* End PBXGroup section */

/* Begin PBXNativeTarget section */
		0B6CFA901936D2DC00B77374 /* wayback */ = {
			isa = PBXNativeTarget;
			buildConfigurationList = 0B6CFABD1936D2DC00B77374 /* Build configuration list for PBXNativeTarget "wayback" */;
			buildPhases = (
				0B6CFA8D1936D2DC00B77374 /* Sources */,
				0B6CFA8E1936D2DC00B77374 /* Frameworks */,
				0B6CFA8F1936D2DC00B77374 /* Resources */,
			);
			buildRules = (
			);
			dependencies = (
			);
			name = wayback;
			productName = carfinder;
			productReference = 0B6CFA911936D2DC00B77374 /* wayback.app */;
			productType = "com.apple.product-type.application";
		};
/* End PBXNativeTarget section */

/* Begin PBXProject section */
		0B6CFA891936D2DC00B77374 /* Project object */ = {
			isa = PBXProject;
			attributes = {
				LastUpgradeCheck = 0510;
				ORGANIZATIONNAME = "Cory Neale";
				TargetAttributes = {
					0B6CFA901936D2DC00B77374 = {
						SystemCapabilities = {
							com.apple.BackgroundModes = {
								enabled = 0;
							};
						};
					};
				};
			};
			buildConfigurationList = 0B6CFA8C1936D2DC00B77374 /* Build configuration list for PBXProject "wayback" */;
			compatibilityVersion = "Xcode 3.2";
			developmentRegion = English;
			hasScannedForEncodings = 0;
			knownRegions = (
				en,
			);
			mainGroup = 0B6CFA881936D2DC00B77374;
			productRefGroup = 0B6CFA921936D2DC00B77374 /* Products */;
			projectDirPath = "";
			projectRoot = "";
			targets = (
				0B6CFA901936D2DC00B77374 /* wayback */,
			);
		};
/* End PBXProject section */

/* Begin PBXResourcesBuildPhase section */
		0B6CFA8F1936D2DC00B77374 /* Resources */ = {
			isa = PBXResourcesBuildPhase;
			buildActionMask = 2147483647;
			files = (
				0BF683C8194939B000AFB4C5 /* MapLocationViewController.xib in Resources */,
				0BF683CB194939B000AFB4C5 /* MarkLocationViewController.xib in Resources */,
				0BF683C5194939B000AFB4C5 /* LocationDetailsViewController.xib in Resources */,
				0BF683C2194939B000AFB4C5 /* InfoPlist.strings in Resources */,
				0BF683C3194939B000AFB4C5 /* Images.xcassets in Resources */,
			);
			runOnlyForDeploymentPostprocessing = 0;
		};
/* End PBXResourcesBuildPhase section */

/* Begin PBXSourcesBuildPhase section */
		0B6CFA8D1936D2DC00B77374 /* Sources */ = {
			isa = PBXSourcesBuildPhase;
			buildActionMask = 2147483647;
			files = (
				0BF683C7194939B000AFB4C5 /* MapLocationViewController.m in Sources */,
				0BF683C4194939B000AFB4C5 /* LocationDetailsViewController.m in Sources */,
				0BF683CA194939B000AFB4C5 /* MarkLocationViewController.m in Sources */,
				0BF683CD194939B000AFB4C5 /* VersionComparer.m in Sources */,
				0BF683C6194939B000AFB4C5 /* main.m in Sources */,
				0BF683C1194939B000AFB4C5 /* AppDelegate.m in Sources */,
				0BF683C9194939B000AFB4C5 /* MapMarker.m in Sources */,
				0BF683CC194939B000AFB4C5 /* VersionCheck.m in Sources */,
			);
			runOnlyForDeploymentPostprocessing = 0;
		};
/* End PBXSourcesBuildPhase section */

/* Begin PBXVariantGroup section */
		0BF683A6194939B000AFB4C5 /* InfoPlist.strings */ = {
			isa = PBXVariantGroup;
			children = (
				0BF683A7194939B000AFB4C5 /* en */,
			);
			name = InfoPlist.strings;
			sourceTree = "<group>";
		};
/* End PBXVariantGroup section */

/* Begin XCBuildConfiguration section */
		0B6CFABB1936D2DC00B77374 /* Debug */ = {
			isa = XCBuildConfiguration;
			buildSettings = {
				ALWAYS_SEARCH_USER_PATHS = NO;
				CLANG_CXX_LANGUAGE_STANDARD = "gnu++0x";
				CLANG_CXX_LIBRARY = "libc++";
				CLANG_ENABLE_MODULES = YES;
				CLANG_ENABLE_OBJC_ARC = YES;
				CLANG_WARN_BOOL_CONVERSION = YES;
				CLANG_WARN_CONSTANT_CONVERSION = YES;
				CLANG_WARN_DIRECT_OBJC_ISA_USAGE = YES_ERROR;
				CLANG_WARN_EMPTY_BODY = YES;
				CLANG_WARN_ENUM_CONVERSION = YES;
				CLANG_WARN_INT_CONVERSION = YES;
				CLANG_WARN_OBJC_ROOT_CLASS = YES_ERROR;
				CLANG_WARN__DUPLICATE_METHOD_MATCH = YES;
				"CODE_SIGN_IDENTITY[sdk=iphoneos*]" = "iPhone Developer";
				COPY_PHASE_STRIP = NO;
				GCC_C_LANGUAGE_STANDARD = gnu99;
				GCC_DYNAMIC_NO_PIC = NO;
				GCC_OPTIMIZATION_LEVEL = 0;
				GCC_PREPROCESSOR_DEFINITIONS = (
					"DEBUG=1",
					"$(inherited)",
				);
				GCC_SYMBOLS_PRIVATE_EXTERN = NO;
				GCC_WARN_64_TO_32_BIT_CONVERSION = YES;
				GCC_WARN_ABOUT_RETURN_TYPE = YES_ERROR;
				GCC_WARN_UNDECLARED_SELECTOR = YES;
				GCC_WARN_UNINITIALIZED_AUTOS = YES_AGGRESSIVE;
				GCC_WARN_UNUSED_FUNCTION = YES;
				GCC_WARN_UNUSED_VARIABLE = YES;
				IPHONEOS_DEPLOYMENT_TARGET = 7.1;
				ONLY_ACTIVE_ARCH = YES;
				SDKROOT = iphoneos;
			};
			name = Debug;
		};
		0B6CFABC1936D2DC00B77374 /* Release */ = {
			isa = XCBuildConfiguration;
			buildSettings = {
				ALWAYS_SEARCH_USER_PATHS = NO;
				CLANG_CXX_LANGUAGE_STANDARD = "gnu++0x";
				CLANG_CXX_LIBRARY = "libc++";
				CLANG_ENABLE_MODULES = YES;
				CLANG_ENABLE_OBJC_ARC = YES;
				CLANG_WARN_BOOL_CONVERSION = YES;
				CLANG_WARN_CONSTANT_CONVERSION = YES;
				CLANG_WARN_DIRECT_OBJC_ISA_USAGE = YES_ERROR;
				CLANG_WARN_EMPTY_BODY = YES;
				CLANG_WARN_ENUM_CONVERSION = YES;
				CLANG_WARN_INT_CONVERSION = YES;
				CLANG_WARN_OBJC_ROOT_CLASS = YES_ERROR;
				CLANG_WARN__DUPLICATE_METHOD_MATCH = YES;
				"CODE_SIGN_IDENTITY[sdk=iphoneos*]" = "iPhone Developer";
				COPY_PHASE_STRIP = YES;
				ENABLE_NS_ASSERTIONS = NO;
				GCC_C_LANGUAGE_STANDARD = gnu99;
				GCC_WARN_64_TO_32_BIT_CONVERSION = YES;
				GCC_WARN_ABOUT_RETURN_TYPE = YES_ERROR;
				GCC_WARN_UNDECLARED_SELECTOR = YES;
				GCC_WARN_UNINITIALIZED_AUTOS = YES_AGGRESSIVE;
				GCC_WARN_UNUSED_FUNCTION = YES;
				GCC_WARN_UNUSED_VARIABLE = YES;
				IPHONEOS_DEPLOYMENT_TARGET = 7.1;
				SDKROOT = iphoneos;
				VALIDATE_PRODUCT = YES;
			};
			name = Release;
		};
		0B6CFABE1936D2DC00B77374 /* Debug */ = {
			isa = XCBuildConfiguration;
			buildSettings = {
				ASSETCATALOG_COMPILER_APPICON_NAME = AppIcon;
				ASSETCATALOG_COMPILER_LAUNCHIMAGE_NAME = LaunchImage;
				CODE_SIGN_IDENTITY = "iPhone Developer";
				GCC_PRECOMPILE_PREFIX_HEADER = YES;
				GCC_PREFIX_HEADER = "wayback/wayback-Prefix.pch";
				INFOPLIST_FILE = "wayback/wayback-Info.plist";
				PRODUCT_NAME = wayback;
				WRAPPER_EXTENSION = app;
			};
			name = Debug;
		};
		0B6CFABF1936D2DC00B77374 /* Release */ = {
			isa = XCBuildConfiguration;
			buildSettings = {
				ASSETCATALOG_COMPILER_APPICON_NAME = AppIcon;
				ASSETCATALOG_COMPILER_LAUNCHIMAGE_NAME = LaunchImage;
				CODE_SIGN_IDENTITY = "iPhone Developer";
				GCC_PRECOMPILE_PREFIX_HEADER = YES;
				GCC_PREFIX_HEADER = "wayback/wayback-Prefix.pch";
				INFOPLIST_FILE = "wayback/wayback-Info.plist";
				PRODUCT_NAME = wayback;
				WRAPPER_EXTENSION = app;
			};
			name = Release;
		};
/* End XCBuildConfiguration section */

/* Begin XCConfigurationList section */
		0B6CFA8C1936D2DC00B77374 /* Build configuration list for PBXProject "wayback" */ = {
			isa = XCConfigurationList;
			buildConfigurations = (
				0B6CFABB1936D2DC00B77374 /* Debug */,
				0B6CFABC1936D2DC00B77374 /* Release */,
			);
			defaultConfigurationIsVisible = 0;
			defaultConfigurationName = Release;
		};
		0B6CFABD1936D2DC00B77374 /* Build configuration list for PBXNativeTarget "wayback" */ = {
			isa = XCConfigurationList;
			buildConfigurations = (
				0B6CFABE1936D2DC00B77374 /* Debug */,
				0B6CFABF1936D2DC00B77374 /* Release */,
			);
			defaultConfigurationIsVisible = 0;
			defaultConfigurationName = Release;
		};
/* End XCConfigurationList section */
	};
	rootObject = 0B6CFA891936D2DC00B77374 /* Project object */;
}
