// !$*UTF8*$!
{
	archiveVersion = 1;
	classes = {
	};
	objectVersion = 46;
	objects = {

/* Begin PBXBuildFile section */
		0B08DACD194D5230001D70A8 /* LogHelper.m in Sources */ = {isa = PBXBuildFile; fileRef = 0B08DACC194D5230001D70A8 /* LogHelper.m */; };
		0B09FA391A4EA33200B3B02E /* Appirater.m in Sources */ = {isa = PBXBuildFile; fileRef = 0B09FA341A4EA33200B3B02E /* Appirater.m */; };
		0B09FA3A1A4EA33200B3B02E /* AppiraterLocalizable.strings in Resources */ = {isa = PBXBuildFile; fileRef = 0B09FA371A4EA33200B3B02E /* AppiraterLocalizable.strings */; };
		0B09FA3C1A4EA3B700B3B02E /* CFNetwork.framework in Frameworks */ = {isa = PBXBuildFile; fileRef = 0B09FA3B1A4EA3B700B3B02E /* CFNetwork.framework */; };
		0B09FA3E1A4EA3C600B3B02E /* StoreKit.framework in Frameworks */ = {isa = PBXBuildFile; fileRef = 0B09FA3D1A4EA3C600B3B02E /* StoreKit.framework */; };
		0B09FA411A5108E200B3B02E /* Ratings.m in Sources */ = {isa = PBXBuildFile; fileRef = 0B09FA401A5108E200B3B02E /* Ratings.m */; };
		0B150755196F9F6600523BE1 /* VersionCheckAlertViewHandler.m in Sources */ = {isa = PBXBuildFile; fileRef = 0B150754196F9F6600523BE1 /* VersionCheckAlertViewHandler.m */; };
		0B1507661970E3F400523BE1 /* KeyboardNotificationHandler.m in Sources */ = {isa = PBXBuildFile; fileRef = 0B1507651970E3F400523BE1 /* KeyboardNotificationHandler.m */; };
		0B1507691972385000523BE1 /* DataModel.m in Sources */ = {isa = PBXBuildFile; fileRef = 0B1507681972385000523BE1 /* DataModel.m */; };
		0B15076C197266FD00523BE1 /* GeocodeProvider.m in Sources */ = {isa = PBXBuildFile; fileRef = 0B15076B197266FD00523BE1 /* GeocodeProvider.m */; };
		0B6CFA951936D2DC00B77374 /* Foundation.framework in Frameworks */ = {isa = PBXBuildFile; fileRef = 0B6CFA941936D2DC00B77374 /* Foundation.framework */; };
		0B6CFA971936D2DC00B77374 /* CoreGraphics.framework in Frameworks */ = {isa = PBXBuildFile; fileRef = 0B6CFA961936D2DC00B77374 /* CoreGraphics.framework */; };
		0B6CFA991936D2DC00B77374 /* UIKit.framework in Frameworks */ = {isa = PBXBuildFile; fileRef = 0B6CFA981936D2DC00B77374 /* UIKit.framework */; };
		0B6CFACF1936FB8A00B77374 /* MapKit.framework in Frameworks */ = {isa = PBXBuildFile; fileRef = 0B6CFACE1936FB8A00B77374 /* MapKit.framework */; };
		0B6CFAD419398F2300B77374 /* CoreLocation.framework in Frameworks */ = {isa = PBXBuildFile; fileRef = 0B6CFAD319398F2300B77374 /* CoreLocation.framework */; };
		0B6CFADB193B300A00B77374 /* AddressBook.framework in Frameworks */ = {isa = PBXBuildFile; fileRef = 0B6CFADA193B300A00B77374 /* AddressBook.framework */; };
		0B7B077E19653A220077F4A4 /* LocationProvider.m in Sources */ = {isa = PBXBuildFile; fileRef = 0B7B077D19653A220077F4A4 /* LocationProvider.m */; };
		0B7B8FB519455C3D00FE3716 /* QuartzCore.framework in Frameworks */ = {isa = PBXBuildFile; fileRef = 0B7B8FB419455C3D00FE3716 /* QuartzCore.framework */; };
		0BBBF0921A7CD2E70029F294 /* MarkLocationViewController+UIAlertViewDelegate.m in Sources */ = {isa = PBXBuildFile; fileRef = 0BBBF0911A7CD2E70029F294 /* MarkLocationViewController+UIAlertViewDelegate.m */; };
		0BBBF0951A7CD4D40029F294 /* MarkLocationViewController+UITableViewDataSource.m in Sources */ = {isa = PBXBuildFile; fileRef = 0BBBF0941A7CD4D40029F294 /* MarkLocationViewController+UITableViewDataSource.m */; };
		0BBBF0981A7CD58C0029F294 /* MarkLocationViewController+UITableViewDelegate.m in Sources */ = {isa = PBXBuildFile; fileRef = 0BBBF0971A7CD58C0029F294 /* MarkLocationViewController+UITableViewDelegate.m */; };
		0BBBF09C1A7CD8080029F294 /* LocationDetailsViewController+UITextViewDelegate.m in Sources */ = {isa = PBXBuildFile; fileRef = 0BBBF09B1A7CD8080029F294 /* LocationDetailsViewController+UITextViewDelegate.m */; };
		0BBBF09F1A7CD8D80029F294 /* MapLocationViewController+MKMapViewDelegate.m in Sources */ = {isa = PBXBuildFile; fileRef = 0BBBF09E1A7CD8D80029F294 /* MapLocationViewController+MKMapViewDelegate.m */; };
		0BC7B87D194B19F7006EEFE7 /* libGoogleAnalyticsServices.a in Frameworks */ = {isa = PBXBuildFile; fileRef = 0BC7B87C194B19F7006EEFE7 /* libGoogleAnalyticsServices.a */; };
		0BC7B87F194B1A1E006EEFE7 /* SystemConfiguration.framework in Frameworks */ = {isa = PBXBuildFile; fileRef = 0BC7B87E194B1A1E006EEFE7 /* SystemConfiguration.framework */; };
		0BC7B881194B1A31006EEFE7 /* CoreData.framework in Frameworks */ = {isa = PBXBuildFile; fileRef = 0BC7B880194B1A31006EEFE7 /* CoreData.framework */; };
		0BC7B883194B1A3B006EEFE7 /* libz.dylib in Frameworks */ = {isa = PBXBuildFile; fileRef = 0BC7B882194B1A3B006EEFE7 /* libz.dylib */; };
		0BC7B885194B1A4A006EEFE7 /* AdSupport.framework in Frameworks */ = {isa = PBXBuildFile; fileRef = 0BC7B884194B1A4A006EEFE7 /* AdSupport.framework */; settings = {ATTRIBUTES = (Required, ); }; };
		0BF683C1194939B000AFB4C5 /* AppDelegate.m in Sources */ = {isa = PBXBuildFile; fileRef = 0BF683A5194939B000AFB4C5 /* AppDelegate.m */; };
		0BF683C2194939B000AFB4C5 /* InfoPlist.strings in Resources */ = {isa = PBXBuildFile; fileRef = 0BF683A6194939B000AFB4C5 /* InfoPlist.strings */; };
		0BF683C3194939B000AFB4C5 /* Images.xcassets in Resources */ = {isa = PBXBuildFile; fileRef = 0BF683A8194939B000AFB4C5 /* Images.xcassets */; };
		0BF683C4194939B000AFB4C5 /* LocationDetailsViewController.m in Sources */ = {isa = PBXBuildFile; fileRef = 0BF683AA194939B000AFB4C5 /* LocationDetailsViewController.m */; };
		0BF683C5194939B000AFB4C5 /* LocationDetailsViewController.xib in Resources */ = {isa = PBXBuildFile; fileRef = 0BF683AB194939B000AFB4C5 /* LocationDetailsViewController.xib */; };
		0BF683C6194939B000AFB4C5 /* main.m in Sources */ = {isa = PBXBuildFile; fileRef = 0BF683AD194939B000AFB4C5 /* main.m */; };
		0BF683C7194939B000AFB4C5 /* MapLocationViewController.m in Sources */ = {isa = PBXBuildFile; fileRef = 0BF683AF194939B000AFB4C5 /* MapLocationViewController.m */; };
		0BF683C8194939B000AFB4C5 /* MapLocationViewController.xib in Resources */ = {isa = PBXBuildFile; fileRef = 0BF683B0194939B000AFB4C5 /* MapLocationViewController.xib */; };
		0BF683C9194939B000AFB4C5 /* MapMarker.m in Sources */ = {isa = PBXBuildFile; fileRef = 0BF683B2194939B000AFB4C5 /* MapMarker.m */; };
		0BF683CA194939B000AFB4C5 /* MarkLocationViewController.m in Sources */ = {isa = PBXBuildFile; fileRef = 0BF683B4194939B000AFB4C5 /* MarkLocationViewController.m */; };
		0BF683CB194939B000AFB4C5 /* MarkLocationViewController.xib in Resources */ = {isa = PBXBuildFile; fileRef = 0BF683B5194939B000AFB4C5 /* MarkLocationViewController.xib */; };
		0BF683CC194939B000AFB4C5 /* VersionCheck.m in Sources */ = {isa = PBXBuildFile; fileRef = 0BF683B7194939B000AFB4C5 /* VersionCheck.m */; };
		0BF683CD194939B000AFB4C5 /* VersionComparer.m in Sources */ = {isa = PBXBuildFile; fileRef = 0BF683B9194939B000AFB4C5 /* VersionComparer.m */; };
/* End PBXBuildFile section */

/* Begin PBXFileReference section */
		0B08DACC194D5230001D70A8 /* LogHelper.m */ = {isa = PBXFileReference; fileEncoding = 4; lastKnownFileType = sourcecode.c.objc; path = LogHelper.m; sourceTree = "<group>"; };
		0B09FA331A4EA33200B3B02E /* Appirater.h */ = {isa = PBXFileReference; fileEncoding = 4; lastKnownFileType = sourcecode.c.h; name = Appirater.h; path = Appirater/Appirater.h; sourceTree = "<group>"; };
		0B09FA341A4EA33200B3B02E /* Appirater.m */ = {isa = PBXFileReference; fileEncoding = 4; lastKnownFileType = sourcecode.c.objc; name = Appirater.m; path = Appirater/Appirater.m; sourceTree = "<group>"; };
		0B09FA351A4EA33200B3B02E /* AppiraterDelegate.h */ = {isa = PBXFileReference; fileEncoding = 4; lastKnownFileType = sourcecode.c.h; name = AppiraterDelegate.h; path = Appirater/AppiraterDelegate.h; sourceTree = "<group>"; };
		0B09FA381A4EA33200B3B02E /* en */ = {isa = PBXFileReference; lastKnownFileType = text.plist.strings; name = en; path = AppiraterLocalizable.strings; sourceTree = "<group>"; };
		0B09FA3B1A4EA3B700B3B02E /* CFNetwork.framework */ = {isa = PBXFileReference; lastKnownFileType = wrapper.framework; name = CFNetwork.framework; path = System/Library/Frameworks/CFNetwork.framework; sourceTree = SDKROOT; };
		0B09FA3D1A4EA3C600B3B02E /* StoreKit.framework */ = {isa = PBXFileReference; lastKnownFileType = wrapper.framework; name = StoreKit.framework; path = System/Library/Frameworks/StoreKit.framework; sourceTree = SDKROOT; };
		0B09FA3F1A5108E200B3B02E /* Ratings.h */ = {isa = PBXFileReference; fileEncoding = 4; lastKnownFileType = sourcecode.c.h; path = Ratings.h; sourceTree = "<group>"; };
		0B09FA401A5108E200B3B02E /* Ratings.m */ = {isa = PBXFileReference; fileEncoding = 4; lastKnownFileType = sourcecode.c.objc; path = Ratings.m; sourceTree = "<group>"; };
		0B150753196F9F6600523BE1 /* VersionCheckAlertViewHandler.h */ = {isa = PBXFileReference; fileEncoding = 4; lastKnownFileType = sourcecode.c.h; path = VersionCheckAlertViewHandler.h; sourceTree = "<group>"; };
		0B150754196F9F6600523BE1 /* VersionCheckAlertViewHandler.m */ = {isa = PBXFileReference; fileEncoding = 4; lastKnownFileType = sourcecode.c.objc; path = VersionCheckAlertViewHandler.m; sourceTree = "<group>"; };
		0B1507641970E3F400523BE1 /* KeyboardNotificationHandler.h */ = {isa = PBXFileReference; fileEncoding = 4; lastKnownFileType = sourcecode.c.h; path = KeyboardNotificationHandler.h; sourceTree = "<group>"; };
		0B1507651970E3F400523BE1 /* KeyboardNotificationHandler.m */ = {isa = PBXFileReference; fileEncoding = 4; lastKnownFileType = sourcecode.c.objc; path = KeyboardNotificationHandler.m; sourceTree = "<group>"; };
		0B1507671972385000523BE1 /* DataModel.h */ = {isa = PBXFileReference; fileEncoding = 4; lastKnownFileType = sourcecode.c.h; path = DataModel.h; sourceTree = "<group>"; };
		0B1507681972385000523BE1 /* DataModel.m */ = {isa = PBXFileReference; fileEncoding = 4; lastKnownFileType = sourcecode.c.objc; path = DataModel.m; sourceTree = "<group>"; };
		0B15076A197266FD00523BE1 /* GeocodeProvider.h */ = {isa = PBXFileReference; fileEncoding = 4; lastKnownFileType = sourcecode.c.h; path = GeocodeProvider.h; sourceTree = "<group>"; };
		0B15076B197266FD00523BE1 /* GeocodeProvider.m */ = {isa = PBXFileReference; fileEncoding = 4; lastKnownFileType = sourcecode.c.objc; path = GeocodeProvider.m; sourceTree = "<group>"; };
		0B6CFA911936D2DC00B77374 /* The Way Back.app */ = {isa = PBXFileReference; explicitFileType = wrapper.application; includeInIndex = 0; path = "The Way Back.app"; sourceTree = BUILT_PRODUCTS_DIR; };
		0B6CFA941936D2DC00B77374 /* Foundation.framework */ = {isa = PBXFileReference; lastKnownFileType = wrapper.framework; name = Foundation.framework; path = System/Library/Frameworks/Foundation.framework; sourceTree = SDKROOT; };
		0B6CFA961936D2DC00B77374 /* CoreGraphics.framework */ = {isa = PBXFileReference; lastKnownFileType = wrapper.framework; name = CoreGraphics.framework; path = System/Library/Frameworks/CoreGraphics.framework; sourceTree = SDKROOT; };
		0B6CFA981936D2DC00B77374 /* UIKit.framework */ = {isa = PBXFileReference; lastKnownFileType = wrapper.framework; name = UIKit.framework; path = System/Library/Frameworks/UIKit.framework; sourceTree = SDKROOT; };
		0B6CFACE1936FB8A00B77374 /* MapKit.framework */ = {isa = PBXFileReference; lastKnownFileType = wrapper.framework; name = MapKit.framework; path = System/Library/Frameworks/MapKit.framework; sourceTree = SDKROOT; };
		0B6CFAD319398F2300B77374 /* CoreLocation.framework */ = {isa = PBXFileReference; lastKnownFileType = wrapper.framework; name = CoreLocation.framework; path = System/Library/Frameworks/CoreLocation.framework; sourceTree = SDKROOT; };
		0B6CFADA193B300A00B77374 /* AddressBook.framework */ = {isa = PBXFileReference; lastKnownFileType = wrapper.framework; name = AddressBook.framework; path = System/Library/Frameworks/AddressBook.framework; sourceTree = SDKROOT; };
		0B7B077C19653A220077F4A4 /* LocationProvider.h */ = {isa = PBXFileReference; fileEncoding = 4; lastKnownFileType = sourcecode.c.h; path = LocationProvider.h; sourceTree = "<group>"; };
		0B7B077D19653A220077F4A4 /* LocationProvider.m */ = {isa = PBXFileReference; fileEncoding = 4; lastKnownFileType = sourcecode.c.objc; path = LocationProvider.m; sourceTree = "<group>"; };
		0B7B8FB419455C3D00FE3716 /* QuartzCore.framework */ = {isa = PBXFileReference; lastKnownFileType = wrapper.framework; name = QuartzCore.framework; path = System/Library/Frameworks/QuartzCore.framework; sourceTree = SDKROOT; };
		0BBBEF3A1A53F5030029F294 /* GAIEcommerceFields.h */ = {isa = PBXFileReference; fileEncoding = 4; lastKnownFileType = sourcecode.c.h; path = GAIEcommerceFields.h; sourceTree = "<group>"; };
		0BBBEF3B1A53F5030029F294 /* GAIEcommerceProduct.h */ = {isa = PBXFileReference; fileEncoding = 4; lastKnownFileType = sourcecode.c.h; path = GAIEcommerceProduct.h; sourceTree = "<group>"; };
		0BBBEF3C1A53F5030029F294 /* GAIEcommerceProductAction.h */ = {isa = PBXFileReference; fileEncoding = 4; lastKnownFileType = sourcecode.c.h; path = GAIEcommerceProductAction.h; sourceTree = "<group>"; };
		0BBBEF3D1A53F5030029F294 /* GAIEcommercePromotion.h */ = {isa = PBXFileReference; fileEncoding = 4; lastKnownFileType = sourcecode.c.h; path = GAIEcommercePromotion.h; sourceTree = "<group>"; };
		0BBBF0901A7CD2E70029F294 /* MarkLocationViewController+UIAlertViewDelegate.h */ = {isa = PBXFileReference; fileEncoding = 4; lastKnownFileType = sourcecode.c.h; path = "MarkLocationViewController+UIAlertViewDelegate.h"; sourceTree = "<group>"; };
		0BBBF0911A7CD2E70029F294 /* MarkLocationViewController+UIAlertViewDelegate.m */ = {isa = PBXFileReference; fileEncoding = 4; lastKnownFileType = sourcecode.c.objc; path = "MarkLocationViewController+UIAlertViewDelegate.m"; sourceTree = "<group>"; };
		0BBBF0931A7CD4D40029F294 /* MarkLocationViewController+UITableViewDataSource.h */ = {isa = PBXFileReference; fileEncoding = 4; lastKnownFileType = sourcecode.c.h; path = "MarkLocationViewController+UITableViewDataSource.h"; sourceTree = "<group>"; };
		0BBBF0941A7CD4D40029F294 /* MarkLocationViewController+UITableViewDataSource.m */ = {isa = PBXFileReference; fileEncoding = 4; lastKnownFileType = sourcecode.c.objc; path = "MarkLocationViewController+UITableViewDataSource.m"; sourceTree = "<group>"; };
		0BBBF0961A7CD58C0029F294 /* MarkLocationViewController+UITableViewDelegate.h */ = {isa = PBXFileReference; fileEncoding = 4; lastKnownFileType = sourcecode.c.h; path = "MarkLocationViewController+UITableViewDelegate.h"; sourceTree = "<group>"; };
		0BBBF0971A7CD58C0029F294 /* MarkLocationViewController+UITableViewDelegate.m */ = {isa = PBXFileReference; fileEncoding = 4; lastKnownFileType = sourcecode.c.objc; path = "MarkLocationViewController+UITableViewDelegate.m"; sourceTree = "<group>"; };
		0BBBF09A1A7CD8080029F294 /* LocationDetailsViewController+UITextViewDelegate.h */ = {isa = PBXFileReference; fileEncoding = 4; lastKnownFileType = sourcecode.c.h; path = "LocationDetailsViewController+UITextViewDelegate.h"; sourceTree = "<group>"; };
		0BBBF09B1A7CD8080029F294 /* LocationDetailsViewController+UITextViewDelegate.m */ = {isa = PBXFileReference; fileEncoding = 4; lastKnownFileType = sourcecode.c.objc; path = "LocationDetailsViewController+UITextViewDelegate.m"; sourceTree = "<group>"; };
		0BBBF09D1A7CD8D80029F294 /* MapLocationViewController+MKMapViewDelegate.h */ = {isa = PBXFileReference; fileEncoding = 4; lastKnownFileType = sourcecode.c.h; path = "MapLocationViewController+MKMapViewDelegate.h"; sourceTree = "<group>"; };
		0BBBF09E1A7CD8D80029F294 /* MapLocationViewController+MKMapViewDelegate.m */ = {isa = PBXFileReference; fileEncoding = 4; lastKnownFileType = sourcecode.c.objc; path = "MapLocationViewController+MKMapViewDelegate.m"; sourceTree = "<group>"; };
		0BC7B874194B19DD006EEFE7 /* GAI.h */ = {isa = PBXFileReference; fileEncoding = 4; lastKnownFileType = sourcecode.c.h; path = GAI.h; sourceTree = "<group>"; };
		0BC7B875194B19DD006EEFE7 /* GAIDictionaryBuilder.h */ = {isa = PBXFileReference; fileEncoding = 4; lastKnownFileType = sourcecode.c.h; path = GAIDictionaryBuilder.h; sourceTree = "<group>"; };
		0BC7B876194B19DD006EEFE7 /* GAIFields.h */ = {isa = PBXFileReference; fileEncoding = 4; lastKnownFileType = sourcecode.c.h; path = GAIFields.h; sourceTree = "<group>"; };
		0BC7B877194B19DD006EEFE7 /* GAILogger.h */ = {isa = PBXFileReference; fileEncoding = 4; lastKnownFileType = sourcecode.c.h; path = GAILogger.h; sourceTree = "<group>"; };
		0BC7B878194B19DD006EEFE7 /* GAITrackedViewController.h */ = {isa = PBXFileReference; fileEncoding = 4; lastKnownFileType = sourcecode.c.h; path = GAITrackedViewController.h; sourceTree = "<group>"; };
		0BC7B879194B19DD006EEFE7 /* GAITracker.h */ = {isa = PBXFileReference; fileEncoding = 4; lastKnownFileType = sourcecode.c.h; path = GAITracker.h; sourceTree = "<group>"; };
		0BC7B87C194B19F7006EEFE7 /* libGoogleAnalyticsServices.a */ = {isa = PBXFileReference; lastKnownFileType = archive.ar; path = libGoogleAnalyticsServices.a; sourceTree = "<group>"; };
		0BC7B87E194B1A1E006EEFE7 /* SystemConfiguration.framework */ = {isa = PBXFileReference; lastKnownFileType = wrapper.framework; name = SystemConfiguration.framework; path = System/Library/Frameworks/SystemConfiguration.framework; sourceTree = SDKROOT; };
		0BC7B880194B1A31006EEFE7 /* CoreData.framework */ = {isa = PBXFileReference; lastKnownFileType = wrapper.framework; name = CoreData.framework; path = System/Library/Frameworks/CoreData.framework; sourceTree = SDKROOT; };
		0BC7B882194B1A3B006EEFE7 /* libz.dylib */ = {isa = PBXFileReference; lastKnownFileType = "compiled.mach-o.dylib"; name = libz.dylib; path = usr/lib/libz.dylib; sourceTree = SDKROOT; };
		0BC7B884194B1A4A006EEFE7 /* AdSupport.framework */ = {isa = PBXFileReference; lastKnownFileType = wrapper.framework; name = AdSupport.framework; path = System/Library/Frameworks/AdSupport.framework; sourceTree = SDKROOT; };
		0BF683A4194939B000AFB4C5 /* AppDelegate.h */ = {isa = PBXFileReference; fileEncoding = 4; lastKnownFileType = sourcecode.c.h; path = AppDelegate.h; sourceTree = "<group>"; };
		0BF683A5194939B000AFB4C5 /* AppDelegate.m */ = {isa = PBXFileReference; fileEncoding = 4; lastKnownFileType = sourcecode.c.objc; path = AppDelegate.m; sourceTree = "<group>"; };
		0BF683A7194939B000AFB4C5 /* en */ = {isa = PBXFileReference; lastKnownFileType = text.plist.strings; name = en; path = en.lproj/InfoPlist.strings; sourceTree = "<group>"; };
		0BF683A8194939B000AFB4C5 /* Images.xcassets */ = {isa = PBXFileReference; lastKnownFileType = folder.assetcatalog; path = Images.xcassets; sourceTree = "<group>"; };
		0BF683A9194939B000AFB4C5 /* LocationDetailsViewController.h */ = {isa = PBXFileReference; fileEncoding = 4; lastKnownFileType = sourcecode.c.h; path = LocationDetailsViewController.h; sourceTree = "<group>"; };
		0BF683AA194939B000AFB4C5 /* LocationDetailsViewController.m */ = {isa = PBXFileReference; fileEncoding = 4; lastKnownFileType = sourcecode.c.objc; path = LocationDetailsViewController.m; sourceTree = "<group>"; };
		0BF683AB194939B000AFB4C5 /* LocationDetailsViewController.xib */ = {isa = PBXFileReference; fileEncoding = 4; lastKnownFileType = file.xib; path = LocationDetailsViewController.xib; sourceTree = "<group>"; };
		0BF683AC194939B000AFB4C5 /* LogHelper.h */ = {isa = PBXFileReference; fileEncoding = 4; lastKnownFileType = sourcecode.c.h; path = LogHelper.h; sourceTree = "<group>"; };
		0BF683AD194939B000AFB4C5 /* main.m */ = {isa = PBXFileReference; fileEncoding = 4; lastKnownFileType = sourcecode.c.objc; path = main.m; sourceTree = "<group>"; };
		0BF683AE194939B000AFB4C5 /* MapLocationViewController.h */ = {isa = PBXFileReference; fileEncoding = 4; lastKnownFileType = sourcecode.c.h; path = MapLocationViewController.h; sourceTree = "<group>"; };
		0BF683AF194939B000AFB4C5 /* MapLocationViewController.m */ = {isa = PBXFileReference; fileEncoding = 4; lastKnownFileType = sourcecode.c.objc; path = MapLocationViewController.m; sourceTree = "<group>"; };
		0BF683B0194939B000AFB4C5 /* MapLocationViewController.xib */ = {isa = PBXFileReference; fileEncoding = 4; lastKnownFileType = file.xib; path = MapLocationViewController.xib; sourceTree = "<group>"; };
		0BF683B1194939B000AFB4C5 /* MapMarker.h */ = {isa = PBXFileReference; fileEncoding = 4; lastKnownFileType = sourcecode.c.h; path = MapMarker.h; sourceTree = "<group>"; };
		0BF683B2194939B000AFB4C5 /* MapMarker.m */ = {isa = PBXFileReference; fileEncoding = 4; lastKnownFileType = sourcecode.c.objc; path = MapMarker.m; sourceTree = "<group>"; };
		0BF683B3194939B000AFB4C5 /* MarkLocationViewController.h */ = {isa = PBXFileReference; fileEncoding = 4; lastKnownFileType = sourcecode.c.h; path = MarkLocationViewController.h; sourceTree = "<group>"; };
		0BF683B4194939B000AFB4C5 /* MarkLocationViewController.m */ = {isa = PBXFileReference; fileEncoding = 4; lastKnownFileType = sourcecode.c.objc; path = MarkLocationViewController.m; sourceTree = "<group>"; };
		0BF683B5194939B000AFB4C5 /* MarkLocationViewController.xib */ = {isa = PBXFileReference; fileEncoding = 4; lastKnownFileType = file.xib; path = MarkLocationViewController.xib; sourceTree = "<group>"; };
		0BF683B6194939B000AFB4C5 /* VersionCheck.h */ = {isa = PBXFileReference; fileEncoding = 4; lastKnownFileType = sourcecode.c.h; path = VersionCheck.h; sourceTree = "<group>"; };
		0BF683B7194939B000AFB4C5 /* VersionCheck.m */ = {isa = PBXFileReference; fileEncoding = 4; lastKnownFileType = sourcecode.c.objc; path = VersionCheck.m; sourceTree = "<group>"; };
		0BF683B8194939B000AFB4C5 /* VersionComparer.h */ = {isa = PBXFileReference; fileEncoding = 4; lastKnownFileType = sourcecode.c.h; path = VersionComparer.h; sourceTree = "<group>"; };
		0BF683B9194939B000AFB4C5 /* VersionComparer.m */ = {isa = PBXFileReference; fileEncoding = 4; lastKnownFileType = sourcecode.c.objc; path = VersionComparer.m; sourceTree = "<group>"; };
		0BF683BA194939B000AFB4C5 /* wayback-Info.plist */ = {isa = PBXFileReference; fileEncoding = 4; lastKnownFileType = text.plist.xml; path = "wayback-Info.plist"; sourceTree = "<group>"; };
		0BF683BB194939B000AFB4C5 /* wayback-Prefix.pch */ = {isa = PBXFileReference; fileEncoding = 4; lastKnownFileType = sourcecode.c.h; path = "wayback-Prefix.pch"; sourceTree = "<group>"; };
/* End PBXFileReference section */

/* Begin PBXFrameworksBuildPhase section */
		0B6CFA8E1936D2DC00B77374 /* Frameworks */ = {
			isa = PBXFrameworksBuildPhase;
			buildActionMask = 2147483647;
			files = (
				0B09FA3E1A4EA3C600B3B02E /* StoreKit.framework in Frameworks */,
				0B09FA3C1A4EA3B700B3B02E /* CFNetwork.framework in Frameworks */,
				0BC7B885194B1A4A006EEFE7 /* AdSupport.framework in Frameworks */,
				0BC7B883194B1A3B006EEFE7 /* libz.dylib in Frameworks */,
				0BC7B881194B1A31006EEFE7 /* CoreData.framework in Frameworks */,
				0BC7B87F194B1A1E006EEFE7 /* SystemConfiguration.framework in Frameworks */,
				0B7B8FB519455C3D00FE3716 /* QuartzCore.framework in Frameworks */,
				0B6CFADB193B300A00B77374 /* AddressBook.framework in Frameworks */,
				0B6CFAD419398F2300B77374 /* CoreLocation.framework in Frameworks */,
				0BC7B87D194B19F7006EEFE7 /* libGoogleAnalyticsServices.a in Frameworks */,
				0B6CFACF1936FB8A00B77374 /* MapKit.framework in Frameworks */,
				0B6CFA971936D2DC00B77374 /* CoreGraphics.framework in Frameworks */,
				0B6CFA991936D2DC00B77374 /* UIKit.framework in Frameworks */,
				0B6CFA951936D2DC00B77374 /* Foundation.framework in Frameworks */,
			);
			runOnlyForDeploymentPostprocessing = 0;
		};
/* End PBXFrameworksBuildPhase section */

/* Begin PBXGroup section */
		0B09FA321A4EA2DA00B3B02E /* Appirater */ = {
			isa = PBXGroup;
			children = (
				0B09FA331A4EA33200B3B02E /* Appirater.h */,
				0B09FA341A4EA33200B3B02E /* Appirater.m */,
				0B09FA351A4EA33200B3B02E /* AppiraterDelegate.h */,
				0B09FA361A4EA33200B3B02E /* en.lproj */,
			);
			name = Appirater;
			sourceTree = "<group>";
		};
		0B09FA361A4EA33200B3B02E /* en.lproj */ = {
			isa = PBXGroup;
			children = (
				0B09FA371A4EA33200B3B02E /* AppiraterLocalizable.strings */,
			);
			name = en.lproj;
			path = Appirater/en.lproj;
			sourceTree = "<group>";
		};
		0B150756196F9F6D00523BE1 /* VersionCheck */ = {
			isa = PBXGroup;
			children = (
				0BF683B6194939B000AFB4C5 /* VersionCheck.h */,
				0BF683B7194939B000AFB4C5 /* VersionCheck.m */,
				0BF683B8194939B000AFB4C5 /* VersionComparer.h */,
				0BF683B9194939B000AFB4C5 /* VersionComparer.m */,
				0B150753196F9F6600523BE1 /* VersionCheckAlertViewHandler.h */,
				0B150754196F9F6600523BE1 /* VersionCheckAlertViewHandler.m */,
			);
			name = VersionCheck;
			sourceTree = "<group>";
		};
		0B150757196FD27A00523BE1 /* MarkLocation */ = {
			isa = PBXGroup;
			children = (
				0BF683B3194939B000AFB4C5 /* MarkLocationViewController.h */,
				0BF683B4194939B000AFB4C5 /* MarkLocationViewController.m */,
				0BF683B5194939B000AFB4C5 /* MarkLocationViewController.xib */,
				0BBBF0901A7CD2E70029F294 /* MarkLocationViewController+UIAlertViewDelegate.h */,
				0BBBF0911A7CD2E70029F294 /* MarkLocationViewController+UIAlertViewDelegate.m */,
				0BBBF0931A7CD4D40029F294 /* MarkLocationViewController+UITableViewDataSource.h */,
				0BBBF0941A7CD4D40029F294 /* MarkLocationViewController+UITableViewDataSource.m */,
				0BBBF0961A7CD58C0029F294 /* MarkLocationViewController+UITableViewDelegate.h */,
				0BBBF0971A7CD58C0029F294 /* MarkLocationViewController+UITableViewDelegate.m */,
			);
			name = MarkLocation;
			sourceTree = "<group>";
		};
		0B15075B196FDB8A00523BE1 /* MapLocation */ = {
			isa = PBXGroup;
			children = (
				0BF683AE194939B000AFB4C5 /* MapLocationViewController.h */,
				0BF683AF194939B000AFB4C5 /* MapLocationViewController.m */,
				0BF683B0194939B000AFB4C5 /* MapLocationViewController.xib */,
				0BBBF09D1A7CD8D80029F294 /* MapLocationViewController+MKMapViewDelegate.h */,
				0BBBF09E1A7CD8D80029F294 /* MapLocationViewController+MKMapViewDelegate.m */,
			);
			name = MapLocation;
			sourceTree = "<group>";
		};
		0B15075F196FEDE600523BE1 /* LocationDetails */ = {
			isa = PBXGroup;
			children = (
				0BF683A9194939B000AFB4C5 /* LocationDetailsViewController.h */,
				0BF683AA194939B000AFB4C5 /* LocationDetailsViewController.m */,
				0BF683AB194939B000AFB4C5 /* LocationDetailsViewController.xib */,
				0BBBF09A1A7CD8080029F294 /* LocationDetailsViewController+UITextViewDelegate.h */,
				0BBBF09B1A7CD8080029F294 /* LocationDetailsViewController+UITextViewDelegate.m */,
			);
			name = LocationDetails;
			sourceTree = "<group>";
		};
		0B1507601970E15500523BE1 /* Utils */ = {
			isa = PBXGroup;
			children = (
				0BF683AC194939B000AFB4C5 /* LogHelper.h */,
				0B08DACC194D5230001D70A8 /* LogHelper.m */,
				0B15076A197266FD00523BE1 /* GeocodeProvider.h */,
				0B15076B197266FD00523BE1 /* GeocodeProvider.m */,
				0B09FA3F1A5108E200B3B02E /* Ratings.h */,
				0B09FA401A5108E200B3B02E /* Ratings.m */,
			);
			name = Utils;
			sourceTree = "<group>";
		};
		0B6CFA881936D2DC00B77374 = {
			isa = PBXGroup;
			children = (
				0BF683A3194939B000AFB4C5 /* wayback */,
				0B6CFA931936D2DC00B77374 /* Frameworks */,
				0B6CFA921936D2DC00B77374 /* Products */,
			);
			sourceTree = "<group>";
		};
		0B6CFA921936D2DC00B77374 /* Products */ = {
			isa = PBXGroup;
			children = (
				0B6CFA911936D2DC00B77374 /* The Way Back.app */,
			);
			name = Products;
			sourceTree = "<group>";
		};
		0B6CFA931936D2DC00B77374 /* Frameworks */ = {
			isa = PBXGroup;
			children = (
				0B09FA3D1A4EA3C600B3B02E /* StoreKit.framework */,
				0B09FA3B1A4EA3B700B3B02E /* CFNetwork.framework */,
				0BC7B884194B1A4A006EEFE7 /* AdSupport.framework */,
				0BC7B882194B1A3B006EEFE7 /* libz.dylib */,
				0BC7B880194B1A31006EEFE7 /* CoreData.framework */,
				0BC7B87E194B1A1E006EEFE7 /* SystemConfiguration.framework */,
				0B7B8FB419455C3D00FE3716 /* QuartzCore.framework */,
				0B6CFADA193B300A00B77374 /* AddressBook.framework */,
				0B6CFAD319398F2300B77374 /* CoreLocation.framework */,
				0B6CFACE1936FB8A00B77374 /* MapKit.framework */,
				0B6CFA941936D2DC00B77374 /* Foundation.framework */,
				0B6CFA961936D2DC00B77374 /* CoreGraphics.framework */,
				0B6CFA981936D2DC00B77374 /* UIKit.framework */,
			);
			name = Frameworks;
			sourceTree = "<group>";
		};
		0BBBF0991A7CD7D50029F294 /* Common */ = {
			isa = PBXGroup;
			children = (
				0B7B077C19653A220077F4A4 /* LocationProvider.h */,
				0B7B077D19653A220077F4A4 /* LocationProvider.m */,
				0B1507641970E3F400523BE1 /* KeyboardNotificationHandler.h */,
				0B1507651970E3F400523BE1 /* KeyboardNotificationHandler.m */,
			);
			name = Common;
			sourceTree = "<group>";
		};
		0BC7B87019493D11006EEFE7 /* ViewControllers */ = {
			isa = PBXGroup;
			children = (
				0B150757196FD27A00523BE1 /* MarkLocation */,
				0B15075B196FDB8A00523BE1 /* MapLocation */,
				0B15075F196FEDE600523BE1 /* LocationDetails */,
			);
			name = ViewControllers;
			sourceTree = "<group>";
		};
		0BC7B87119493D3B006EEFE7 /* Supporting Files */ = {
			isa = PBXGroup;
			children = (
				0BF683A6194939B000AFB4C5 /* InfoPlist.strings */,
				0BF683AD194939B000AFB4C5 /* main.m */,
				0BF683BA194939B000AFB4C5 /* wayback-Info.plist */,
				0BF683BB194939B000AFB4C5 /* wayback-Prefix.pch */,
			);
			name = "Supporting Files";
			sourceTree = "<group>";
		};
		0BC7B87219493D79006EEFE7 /* Model */ = {
			isa = PBXGroup;
			children = (
				0BF683B1194939B000AFB4C5 /* MapMarker.h */,
				0BF683B2194939B000AFB4C5 /* MapMarker.m */,
				0B1507671972385000523BE1 /* DataModel.h */,
				0B1507681972385000523BE1 /* DataModel.m */,
			);
			name = Model;
			sourceTree = "<group>";
		};
		0BC7B873194B19DD006EEFE7 /* GoogleAnalytics */ = {
			isa = PBXGroup;
			children = (
				0BBBEF3A1A53F5030029F294 /* GAIEcommerceFields.h */,
				0BBBEF3B1A53F5030029F294 /* GAIEcommerceProduct.h */,
				0BBBEF3C1A53F5030029F294 /* GAIEcommerceProductAction.h */,
				0BBBEF3D1A53F5030029F294 /* GAIEcommercePromotion.h */,
				0BC7B87C194B19F7006EEFE7 /* libGoogleAnalyticsServices.a */,
				0BC7B874194B19DD006EEFE7 /* GAI.h */,
				0BC7B875194B19DD006EEFE7 /* GAIDictionaryBuilder.h */,
				0BC7B876194B19DD006EEFE7 /* GAIFields.h */,
				0BC7B877194B19DD006EEFE7 /* GAILogger.h */,
				0BC7B878194B19DD006EEFE7 /* GAITrackedViewController.h */,
				0BC7B879194B19DD006EEFE7 /* GAITracker.h */,
			);
			path = GoogleAnalytics;
			sourceTree = "<group>";
		};
		0BF683A3194939B000AFB4C5 /* wayback */ = {
			isa = PBXGroup;
			children = (
				0BBBF0991A7CD7D50029F294 /* Common */,
				0B09FA321A4EA2DA00B3B02E /* Appirater */,
				0B1507601970E15500523BE1 /* Utils */,
				0B150756196F9F6D00523BE1 /* VersionCheck */,
				0BC7B873194B19DD006EEFE7 /* GoogleAnalytics */,
				0BC7B87219493D79006EEFE7 /* Model */,
				0BC7B87019493D11006EEFE7 /* ViewControllers */,
				0BC7B87119493D3B006EEFE7 /* Supporting Files */,
				0BF683A4194939B000AFB4C5 /* AppDelegate.h */,
				0BF683A5194939B000AFB4C5 /* AppDelegate.m */,
				0BF683A8194939B000AFB4C5 /* Images.xcassets */,
			);
			path = wayback;
			sourceTree = "<group>";
		};
/* End PBXGroup section */

/* Begin PBXNativeTarget section */
		0B6CFA901936D2DC00B77374 /* wayback */ = {
			isa = PBXNativeTarget;
			buildConfigurationList = 0B6CFABD1936D2DC00B77374 /* Build configuration list for PBXNativeTarget "wayback" */;
			buildPhases = (
				0B6CFA8D1936D2DC00B77374 /* Sources */,
				0B6CFA8E1936D2DC00B77374 /* Frameworks */,
				0B6CFA8F1936D2DC00B77374 /* Resources */,
			);
			buildRules = (
			);
			dependencies = (
			);
			name = wayback;
			productName = carfinder;
			productReference = 0B6CFA911936D2DC00B77374 /* The Way Back.app */;
			productType = "com.apple.product-type.application";
		};
/* End PBXNativeTarget section */

/* Begin PBXProject section */
		0B6CFA891936D2DC00B77374 /* Project object */ = {
			isa = PBXProject;
			attributes = {
				LastUpgradeCheck = 0510;
				ORGANIZATIONNAME = "Cory Neale";
				TargetAttributes = {
					0B6CFA901936D2DC00B77374 = {
						DevelopmentTeam = 95YMZ8KDPQ;
						SystemCapabilities = {
							com.apple.BackgroundModes = {
								enabled = 0;
							};
						};
					};
				};
			};
			buildConfigurationList = 0B6CFA8C1936D2DC00B77374 /* Build configuration list for PBXProject "wayback" */;
			compatibilityVersion = "Xcode 3.2";
			developmentRegion = English;
			hasScannedForEncodings = 0;
			knownRegions = (
				en,
			);
			mainGroup = 0B6CFA881936D2DC00B77374;
			productRefGroup = 0B6CFA921936D2DC00B77374 /* Products */;
			projectDirPath = "";
			projectRoot = "";
			targets = (
				0B6CFA901936D2DC00B77374 /* wayback */,
			);
		};
/* End PBXProject section */

/* Begin PBXResourcesBuildPhase section */
		0B6CFA8F1936D2DC00B77374 /* Resources */ = {
			isa = PBXResourcesBuildPhase;
			buildActionMask = 2147483647;
			files = (
				0BF683C8194939B000AFB4C5 /* MapLocationViewController.xib in Resources */,
				0BF683CB194939B000AFB4C5 /* MarkLocationViewController.xib in Resources */,
				0B09FA3A1A4EA33200B3B02E /* AppiraterLocalizable.strings in Resources */,
				0BF683C5194939B000AFB4C5 /* LocationDetailsViewController.xib in Resources */,
				0BF683C2194939B000AFB4C5 /* InfoPlist.strings in Resources */,
				0BF683C3194939B000AFB4C5 /* Images.xcassets in Resources */,
			);
			runOnlyForDeploymentPostprocessing = 0;
		};
/* End PBXResourcesBuildPhase section */

/* Begin PBXSourcesBuildPhase section */
		0B6CFA8D1936D2DC00B77374 /* Sources */ = {
			isa = PBXSourcesBuildPhase;
			buildActionMask = 2147483647;
			files = (
				0BF683C7194939B000AFB4C5 /* MapLocationViewController.m in Sources */,
				0BBBF09F1A7CD8D80029F294 /* MapLocationViewController+MKMapViewDelegate.m in Sources */,
				0BBBF0921A7CD2E70029F294 /* MarkLocationViewController+UIAlertViewDelegate.m in Sources */,
				0BF683C4194939B000AFB4C5 /* LocationDetailsViewController.m in Sources */,
				0BF683CA194939B000AFB4C5 /* MarkLocationViewController.m in Sources */,
				0BF683CD194939B000AFB4C5 /* VersionComparer.m in Sources */,
				0BBBF09C1A7CD8080029F294 /* LocationDetailsViewController+UITextViewDelegate.m in Sources */,
				0BF683C6194939B000AFB4C5 /* main.m in Sources */,
				0B15076C197266FD00523BE1 /* GeocodeProvider.m in Sources */,
				0B7B077E19653A220077F4A4 /* LocationProvider.m in Sources */,
				0B09FA411A5108E200B3B02E /* Ratings.m in Sources */,
				0B09FA391A4EA33200B3B02E /* Appirater.m in Sources */,
				0BF683C1194939B000AFB4C5 /* AppDelegate.m in Sources */,
				0BF683C9194939B000AFB4C5 /* MapMarker.m in Sources */,
				0BF683CC194939B000AFB4C5 /* VersionCheck.m in Sources */,
				0B150755196F9F6600523BE1 /* VersionCheckAlertViewHandler.m in Sources */,
				0BBBF0951A7CD4D40029F294 /* MarkLocationViewController+UITableViewDataSource.m in Sources */,
				0B1507691972385000523BE1 /* DataModel.m in Sources */,
				0B08DACD194D5230001D70A8 /* LogHelper.m in Sources */,
				0BBBF0981A7CD58C0029F294 /* MarkLocationViewController+UITableViewDelegate.m in Sources */,
				0B1507661970E3F400523BE1 /* KeyboardNotificationHandler.m in Sources */,
			);
			runOnlyForDeploymentPostprocessing = 0;
		};
/* End PBXSourcesBuildPhase section */

/* Begin PBXVariantGroup section */
		0B09FA371A4EA33200B3B02E /* AppiraterLocalizable.strings */ = {
			isa = PBXVariantGroup;
			children = (
				0B09FA381A4EA33200B3B02E /* en */,
			);
			name = AppiraterLocalizable.strings;
			sourceTree = "<group>";
		};
		0BF683A6194939B000AFB4C5 /* InfoPlist.strings */ = {
			isa = PBXVariantGroup;
			children = (
				0BF683A7194939B000AFB4C5 /* en */,
			);
			name = InfoPlist.strings;
			sourceTree = "<group>";
		};
/* End PBXVariantGroup section */

/* Begin XCBuildConfiguration section */
		0B6CFABB1936D2DC00B77374 /* Debug */ = {
			isa = XCBuildConfiguration;
			buildSettings = {
				ALWAYS_SEARCH_USER_PATHS = NO;
				CLANG_CXX_LANGUAGE_STANDARD = "gnu++0x";
				CLANG_CXX_LIBRARY = "libc++";
				CLANG_ENABLE_MODULES = YES;
				CLANG_ENABLE_OBJC_ARC = YES;
				CLANG_WARN_BOOL_CONVERSION = YES;
				CLANG_WARN_CONSTANT_CONVERSION = YES;
				CLANG_WARN_DIRECT_OBJC_ISA_USAGE = YES_ERROR;
				CLANG_WARN_EMPTY_BODY = YES;
				CLANG_WARN_ENUM_CONVERSION = YES;
				CLANG_WARN_INT_CONVERSION = YES;
				CLANG_WARN_OBJC_ROOT_CLASS = YES_ERROR;
				CLANG_WARN__DUPLICATE_METHOD_MATCH = YES;
				CODE_SIGN_IDENTITY = "iPhone Distribution: Cory Neale (95YMZ8KDPQ)";
				"CODE_SIGN_IDENTITY[sdk=iphoneos*]" = "iPhone Distribution: Cory Neale (95YMZ8KDPQ)";
				COPY_PHASE_STRIP = NO;
				GCC_C_LANGUAGE_STANDARD = gnu99;
				GCC_DYNAMIC_NO_PIC = NO;
				GCC_OPTIMIZATION_LEVEL = 0;
				GCC_PREPROCESSOR_DEFINITIONS = (
					"DEBUG=1",
					"$(inherited)",
				);
				GCC_SYMBOLS_PRIVATE_EXTERN = NO;
				GCC_WARN_64_TO_32_BIT_CONVERSION = YES;
				GCC_WARN_ABOUT_RETURN_TYPE = YES_ERROR;
				GCC_WARN_UNDECLARED_SELECTOR = YES;
				GCC_WARN_UNINITIALIZED_AUTOS = YES_AGGRESSIVE;
				GCC_WARN_UNUSED_FUNCTION = YES;
				GCC_WARN_UNUSED_VARIABLE = YES;
				IPHONEOS_DEPLOYMENT_TARGET = 7.0;
				ONLY_ACTIVE_ARCH = YES;
				PROVISIONING_PROFILE = "85E5349C-5ECD-46C3-883E-2521EA8EAA9C";
				SDKROOT = iphoneos;
			};
			name = Debug;
		};
		0B6CFABC1936D2DC00B77374 /* Release */ = {
			isa = XCBuildConfiguration;
			buildSettings = {
				ALWAYS_SEARCH_USER_PATHS = NO;
				CLANG_CXX_LANGUAGE_STANDARD = "gnu++0x";
				CLANG_CXX_LIBRARY = "libc++";
				CLANG_ENABLE_MODULES = YES;
				CLANG_ENABLE_OBJC_ARC = YES;
				CLANG_WARN_BOOL_CONVERSION = YES;
				CLANG_WARN_CONSTANT_CONVERSION = YES;
				CLANG_WARN_DIRECT_OBJC_ISA_USAGE = YES_ERROR;
				CLANG_WARN_EMPTY_BODY = YES;
				CLANG_WARN_ENUM_CONVERSION = YES;
				CLANG_WARN_INT_CONVERSION = YES;
				CLANG_WARN_OBJC_ROOT_CLASS = YES_ERROR;
				CLANG_WARN__DUPLICATE_METHOD_MATCH = YES;
				CODE_SIGN_IDENTITY = "iPhone Distribution: Cory Neale (95YMZ8KDPQ)";
				"CODE_SIGN_IDENTITY[sdk=iphoneos*]" = "iPhone Distribution: Cory Neale (95YMZ8KDPQ)";
				COPY_PHASE_STRIP = YES;
				ENABLE_NS_ASSERTIONS = NO;
				GCC_C_LANGUAGE_STANDARD = gnu99;
				GCC_WARN_64_TO_32_BIT_CONVERSION = YES;
				GCC_WARN_ABOUT_RETURN_TYPE = YES_ERROR;
				GCC_WARN_UNDECLARED_SELECTOR = YES;
				GCC_WARN_UNINITIALIZED_AUTOS = YES_AGGRESSIVE;
				GCC_WARN_UNUSED_FUNCTION = YES;
				GCC_WARN_UNUSED_VARIABLE = YES;
				IPHONEOS_DEPLOYMENT_TARGET = 7.0;
				PROVISIONING_PROFILE = "85E5349C-5ECD-46C3-883E-2521EA8EAA9C";
				SDKROOT = iphoneos;
				VALIDATE_PRODUCT = YES;
			};
			name = Release;
		};
		0B6CFABE1936D2DC00B77374 /* Debug */ = {
			isa = XCBuildConfiguration;
			buildSettings = {
				ASSETCATALOG_COMPILER_APPICON_NAME = AppIcon;
				ASSETCATALOG_COMPILER_LAUNCHIMAGE_NAME = LaunchImage;
				CODE_SIGN_IDENTITY = "iPhone Developer";
				GCC_PRECOMPILE_PREFIX_HEADER = YES;
				GCC_PREFIX_HEADER = "wayback/wayback-Prefix.pch";
				INFOPLIST_FILE = "wayback/wayback-Info.plist";
				IPHONEOS_DEPLOYMENT_TARGET = 8.1;
				LIBRARY_SEARCH_PATHS = (
					"$(inherited)",
					"$(PROJECT_DIR)/wayback/GoogleAnalytics",
				);
				PRODUCT_NAME = "The Way Back";
				TARGETED_DEVICE_FAMILY = 1;
				WRAPPER_EXTENSION = app;
			};
			name = Debug;
		};
		0B6CFABF1936D2DC00B77374 /* Release */ = {
			isa = XCBuildConfiguration;
			buildSettings = {
				ASSETCATALOG_COMPILER_APPICON_NAME = AppIcon;
				ASSETCATALOG_COMPILER_LAUNCHIMAGE_NAME = LaunchImage;
				CODE_SIGN_IDENTITY = "iPhone Developer";
				GCC_PRECOMPILE_PREFIX_HEADER = YES;
				GCC_PREFIX_HEADER = "wayback/wayback-Prefix.pch";
				INFOPLIST_FILE = "wayback/wayback-Info.plist";
				IPHONEOS_DEPLOYMENT_TARGET = 8.1;
				LIBRARY_SEARCH_PATHS = (
					"$(inherited)",
					"$(PROJECT_DIR)/wayback/GoogleAnalytics",
				);
				PRODUCT_NAME = "The Way Back";
				TARGETED_DEVICE_FAMILY = 1;
				WRAPPER_EXTENSION = app;
			};
			name = Release;
		};
/* End XCBuildConfiguration section */

/* Begin XCConfigurationList section */
		0B6CFA8C1936D2DC00B77374 /* Build configuration list for PBXProject "wayback" */ = {
			isa = XCConfigurationList;
			buildConfigurations = (
				0B6CFABB1936D2DC00B77374 /* Debug */,
				0B6CFABC1936D2DC00B77374 /* Release */,
			);
			defaultConfigurationIsVisible = 0;
			defaultConfigurationName = Release;
		};
		0B6CFABD1936D2DC00B77374 /* Build configuration list for PBXNativeTarget "wayback" */ = {
			isa = XCConfigurationList;
			buildConfigurations = (
				0B6CFABE1936D2DC00B77374 /* Debug */,
				0B6CFABF1936D2DC00B77374 /* Release */,
			);
			defaultConfigurationIsVisible = 0;
			defaultConfigurationName = Release;
		};
/* End XCConfigurationList section */
	};
	rootObject = 0B6CFA891936D2DC00B77374 /* Project object */;
}
